
Microsoft Visual Studio Solution File, Format Version 12.00
# Visual Studio Version 16
VisualStudioVersion = 16.0.30711.63
MinimumVisualStudioVersion = 15.0.26124.0
Project("{9A19103F-16F7-4668-BE54-9A1E7A4F7556}") = "CovidTracker.Function", "CovidTracker.Function\CovidTracker.Function.csproj", "{FD7C9C9B-05E8-4C94-BC51-5AE1E6695FC2}"
EndProject
Project("{9A19103F-16F7-4668-BE54-9A1E7A4F7556}") = "CovidTracker.Console", "CovidTracker.Console\CovidTracker.Console.csproj", "{62FF1F89-2177-4995-AA2B-6C10719CD6E6}"
EndProject
Project("{9A19103F-16F7-4668-BE54-9A1E7A4F7556}") = "CovidTracker.Git", "CovidTracker.Git\CovidTracker.Git.csproj", "{6565743F-64A0-4066-921E-12C49C2F40BE}"
EndProject
Project("{9A19103F-16F7-4668-BE54-9A1E7A4F7556}") = "CovidTracker.Logging", "CovidTracker.Logging\CovidTracker.Logging.csproj", "{55BE3640-17F2-4424-818D-2AB5220A16D3}"
EndProject
Project("{FAE04EC0-301F-11D3-BF4B-00C04F79EFBC}") = "CovidTracker.Interop", "CovidTracker.Interop\CovidTracker.Interop.csproj", "{3590D48F-511B-4E2D-8AE3-CDD92EEA616C}"
EndProject
Global
	GlobalSection(SolutionConfigurationPlatforms) = preSolution
		Debug|Any CPU = Debug|Any CPU
		Debug|x64 = Debug|x64
		Debug|x86 = Debug|x86
		Release|Any CPU = Release|Any CPU
		Release|x64 = Release|x64
		Release|x86 = Release|x86
	EndGlobalSection
	GlobalSection(ProjectConfigurationPlatforms) = postSolution
		{FD7C9C9B-05E8-4C94-BC51-5AE1E6695FC2}.Debug|Any CPU.ActiveCfg = Debug|Any CPU
		{FD7C9C9B-05E8-4C94-BC51-5AE1E6695FC2}.Debug|Any CPU.Build.0 = Debug|Any CPU
		{FD7C9C9B-05E8-4C94-BC51-5AE1E6695FC2}.Debug|x64.ActiveCfg = Debug|Any CPU
		{FD7C9C9B-05E8-4C94-BC51-5AE1E6695FC2}.Debug|x64.Build.0 = Debug|Any CPU
		{FD7C9C9B-05E8-4C94-BC51-5AE1E6695FC2}.Debug|x86.ActiveCfg = Debug|Any CPU
		{FD7C9C9B-05E8-4C94-BC51-5AE1E6695FC2}.Debug|x86.Build.0 = Debug|Any CPU
		{FD7C9C9B-05E8-4C94-BC51-5AE1E6695FC2}.Release|Any CPU.ActiveCfg = Release|Any CPU
		{FD7C9C9B-05E8-4C94-BC51-5AE1E6695FC2}.Release|Any CPU.Build.0 = Release|Any CPU
		{FD7C9C9B-05E8-4C94-BC51-5AE1E6695FC2}.Release|x64.ActiveCfg = Release|Any CPU
		{FD7C9C9B-05E8-4C94-BC51-5AE1E6695FC2}.Release|x64.Build.0 = Release|Any CPU
		{FD7C9C9B-05E8-4C94-BC51-5AE1E6695FC2}.Release|x86.ActiveCfg = Release|Any CPU
		{FD7C9C9B-05E8-4C94-BC51-5AE1E6695FC2}.Release|x86.Build.0 = Release|Any CPU
		{62FF1F89-2177-4995-AA2B-6C10719CD6E6}.Debug|Any CPU.ActiveCfg = Debug|Any CPU
		{62FF1F89-2177-4995-AA2B-6C10719CD6E6}.Debug|Any CPU.Build.0 = Debug|Any CPU
		{62FF1F89-2177-4995-AA2B-6C10719CD6E6}.Debug|x64.ActiveCfg = Debug|Any CPU
		{62FF1F89-2177-4995-AA2B-6C10719CD6E6}.Debug|x64.Build.0 = Debug|Any CPU
		{62FF1F89-2177-4995-AA2B-6C10719CD6E6}.Debug|x86.ActiveCfg = Debug|Any CPU
		{62FF1F89-2177-4995-AA2B-6C10719CD6E6}.Debug|x86.Build.0 = Debug|Any CPU
		{62FF1F89-2177-4995-AA2B-6C10719CD6E6}.Release|Any CPU.ActiveCfg = Release|Any CPU
		{62FF1F89-2177-4995-AA2B-6C10719CD6E6}.Release|Any CPU.Build.0 = Release|Any CPU
		{62FF1F89-2177-4995-AA2B-6C10719CD6E6}.Release|x64.ActiveCfg = Release|Any CPU
		{62FF1F89-2177-4995-AA2B-6C10719CD6E6}.Release|x64.Build.0 = Release|Any CPU
		{62FF1F89-2177-4995-AA2B-6C10719CD6E6}.Release|x86.ActiveCfg = Release|Any CPU
		{62FF1F89-2177-4995-AA2B-6C10719CD6E6}.Release|x86.Build.0 = Release|Any CPU
		{6565743F-64A0-4066-921E-12C49C2F40BE}.Debug|Any CPU.ActiveCfg = Debug|Any CPU
		{6565743F-64A0-4066-921E-12C49C2F40BE}.Debug|Any CPU.Build.0 = Debug|Any CPU
		{6565743F-64A0-4066-921E-12C49C2F40BE}.Debug|x64.ActiveCfg = Debug|Any CPU
		{6565743F-64A0-4066-921E-12C49C2F40BE}.Debug|x64.Build.0 = Debug|Any CPU
		{6565743F-64A0-4066-921E-12C49C2F40BE}.Debug|x86.ActiveCfg = Debug|Any CPU
		{6565743F-64A0-4066-921E-12C49C2F40BE}.Debug|x86.Build.0 = Debug|Any CPU
		{6565743F-64A0-4066-921E-12C49C2F40BE}.Release|Any CPU.ActiveCfg = Release|Any CPU
		{6565743F-64A0-4066-921E-12C49C2F40BE}.Release|Any CPU.Build.0 = Release|Any CPU
		{6565743F-64A0-4066-921E-12C49C2F40BE}.Release|x64.ActiveCfg = Release|Any CPU
		{6565743F-64A0-4066-921E-12C49C2F40BE}.Release|x64.Build.0 = Release|Any CPU
		{6565743F-64A0-4066-921E-12C49C2F40BE}.Release|x86.ActiveCfg = Release|Any CPU
		{6565743F-64A0-4066-921E-12C49C2F40BE}.Release|x86.Build.0 = Release|Any CPU
		{55BE3640-17F2-4424-818D-2AB5220A16D3}.Debug|Any CPU.ActiveCfg = Debug|Any CPU
		{55BE3640-17F2-4424-818D-2AB5220A16D3}.Debug|Any CPU.Build.0 = Debug|Any CPU
		{55BE3640-17F2-4424-818D-2AB5220A16D3}.Debug|x64.ActiveCfg = Debug|Any CPU
		{55BE3640-17F2-4424-818D-2AB5220A16D3}.Debug|x64.Build.0 = Debug|Any CPU
		{55BE3640-17F2-4424-818D-2AB5220A16D3}.Debug|x86.ActiveCfg = Debug|Any CPU
		{55BE3640-17F2-4424-818D-2AB5220A16D3}.Debug|x86.Build.0 = Debug|Any CPU
		{55BE3640-17F2-4424-818D-2AB5220A16D3}.Release|Any CPU.ActiveCfg = Release|Any CPU
		{55BE3640-17F2-4424-818D-2AB5220A16D3}.Release|Any CPU.Build.0 = Release|Any CPU
		{55BE3640-17F2-4424-818D-2AB5220A16D3}.Release|x64.ActiveCfg = Release|Any CPU
		{55BE3640-17F2-4424-818D-2AB5220A16D3}.Release|x64.Build.0 = Release|Any CPU
		{55BE3640-17F2-4424-818D-2AB5220A16D3}.Release|x86.ActiveCfg = Release|Any CPU
		{55BE3640-17F2-4424-818D-2AB5220A16D3}.Release|x86.Build.0 = Release|Any CPU
		{3590D48F-511B-4E2D-8AE3-CDD92EEA616C}.Debug|Any CPU.ActiveCfg = Debug|Any CPU
		{3590D48F-511B-4E2D-8AE3-CDD92EEA616C}.Debug|Any CPU.Build.0 = Debug|Any CPU
		{3590D48F-511B-4E2D-8AE3-CDD92EEA616C}.Debug|x64.ActiveCfg = Debug|Any CPU
		{3590D48F-511B-4E2D-8AE3-CDD92EEA616C}.Debug|x64.Build.0 = Debug|Any CPU
		{3590D48F-511B-4E2D-8AE3-CDD92EEA616C}.Debug|x86.ActiveCfg = Debug|Any CPU
		{3590D48F-511B-4E2D-8AE3-CDD92EEA616C}.Debug|x86.Build.0 = Debug|Any CPU
		{3590D48F-511B-4E2D-8AE3-CDD92EEA616C}.Release|Any CPU.ActiveCfg = Release|Any CPU
		{3590D48F-511B-4E2D-8AE3-CDD92EEA616C}.Release|Any CPU.Build.0 = Release|Any CPU
		{3590D48F-511B-4E2D-8AE3-CDD92EEA616C}.Release|x64.ActiveCfg = Release|Any CPU
		{3590D48F-511B-4E2D-8AE3-CDD92EEA616C}.Release|x64.Build.0 = Release|Any CPU
		{3590D48F-511B-4E2D-8AE3-CDD92EEA616C}.Release|x86.ActiveCfg = Release|Any CPU
		{3590D48F-511B-4E2D-8AE3-CDD92EEA616C}.Release|x86.Build.0 = Release|Any CPU
	EndGlobalSection
	GlobalSection(SolutionProperties) = preSolution
		HideSolutionNode = FALSE
	EndGlobalSection
	GlobalSection(ExtensibilityGlobals) = postSolution
		SolutionGuid = {767C0DF9-96D5-4D6D-9F20-2229C142B43E}
	EndGlobalSection
EndGlobal
